
Microsoft Visual Studio Solution File, Format Version 12.00
# Visual Studio Version 17
VisualStudioVersion = 17.0.31903.59
MinimumVisualStudioVersion = 10.0.40219.1
Project("{FAE04EC0-301F-11D3-BF4B-00C04F79EFBC}") = "LZW", "LZW\LZW.csproj", "{530B34CA-5A75-4D37-AD89-1330CF036905}"
EndProject
Project("{FAE04EC0-301F-11D3-BF4B-00C04F79EFBC}") = "LZWTests", "LZWTests\LZWTests.csproj", "{8FDEC47A-F9A7-4DC6-82B5-CC68860F41CF}"
EndProject
Global
	GlobalSection(SolutionConfigurationPlatforms) = preSolution
		Debug|Any CPU = Debug|Any CPU
		Release|Any CPU = Release|Any CPU
	EndGlobalSection
	GlobalSection(SolutionProperties) = preSolution
		HideSolutionNode = FALSE
	EndGlobalSection
	GlobalSection(ProjectConfigurationPlatforms) = postSolution
		{530B34CA-5A75-4D37-AD89-1330CF036905}.Debug|Any CPU.ActiveCfg = Debug|Any CPU
		{530B34CA-5A75-4D37-AD89-1330CF036905}.Debug|Any CPU.Build.0 = Debug|Any CPU
		{530B34CA-5A75-4D37-AD89-1330CF036905}.Release|Any CPU.ActiveCfg = Release|Any CPU
		{530B34CA-5A75-4D37-AD89-1330CF036905}.Release|Any CPU.Build.0 = Release|Any CPU
		{8FDEC47A-F9A7-4DC6-82B5-CC68860F41CF}.Debug|Any CPU.ActiveCfg = Debug|Any CPU
		{8FDEC47A-F9A7-4DC6-82B5-CC68860F41CF}.Debug|Any CPU.Build.0 = Debug|Any CPU
		{8FDEC47A-F9A7-4DC6-82B5-CC68860F41CF}.Release|Any CPU.ActiveCfg = Release|Any CPU
		{8FDEC47A-F9A7-4DC6-82B5-CC68860F41CF}.Release|Any CPU.Build.0 = Release|Any CPU
	EndGlobalSection
EndGlobal
