
Microsoft Visual Studio Solution File, Format Version 12.00
# Visual Studio Version 17
VisualStudioVersion = 17.0.31903.59
MinimumVisualStudioVersion = 10.0.40219.1
Project("{FAE04EC0-301F-11D3-BF4B-00C04F79EFBC}") = "SparseVector", "SparseVector\SparseVector.csproj", "{E0211517-D2DF-4594-AF21-5BF2D3666E63}"
EndProject
Project("{FAE04EC0-301F-11D3-BF4B-00C04F79EFBC}") = "SparseVectorTests", "SparseVectorTests\SparseVectorTests.csproj", "{707A2D9C-400A-4025-9999-7C41747A2840}"
EndProject
Global
	GlobalSection(SolutionConfigurationPlatforms) = preSolution
		Debug|Any CPU = Debug|Any CPU
		Release|Any CPU = Release|Any CPU
	EndGlobalSection
	GlobalSection(SolutionProperties) = preSolution
		HideSolutionNode = FALSE
	EndGlobalSection
	GlobalSection(ProjectConfigurationPlatforms) = postSolution
		{E0211517-D2DF-4594-AF21-5BF2D3666E63}.Debug|Any CPU.ActiveCfg = Debug|Any CPU
		{E0211517-D2DF-4594-AF21-5BF2D3666E63}.Debug|Any CPU.Build.0 = Debug|Any CPU
		{E0211517-D2DF-4594-AF21-5BF2D3666E63}.Release|Any CPU.ActiveCfg = Release|Any CPU
		{E0211517-D2DF-4594-AF21-5BF2D3666E63}.Release|Any CPU.Build.0 = Release|Any CPU
		{707A2D9C-400A-4025-9999-7C41747A2840}.Debug|Any CPU.ActiveCfg = Debug|Any CPU
		{707A2D9C-400A-4025-9999-7C41747A2840}.Debug|Any CPU.Build.0 = Debug|Any CPU
		{707A2D9C-400A-4025-9999-7C41747A2840}.Release|Any CPU.ActiveCfg = Release|Any CPU
		{707A2D9C-400A-4025-9999-7C41747A2840}.Release|Any CPU.Build.0 = Release|Any CPU
	EndGlobalSection
EndGlobal
